# Generated by pub
# See https://www.dartlang.org/tools/pub/glossary#lockfile
packages:
  ansicolor:
    dependency: "direct main"
    description:
      name: ansicolor
      url: "https://pub.dartlang.org"
    source: hosted
    version: "1.0.2"
  archive:
    dependency: "direct main"
    description:
      name: archive
      url: "https://pub.dartlang.org"
    source: hosted
    version: "2.0.8"
  args:
    dependency: transitive
    description:
      name: args
      url: "https://pub.dartlang.org"
    source: hosted
    version: "1.5.1"
  charcode:
    dependency: transitive
    description:
      name: charcode
      url: "https://pub.dartlang.org"
    source: hosted
    version: "1.1.2"
  collection:
    dependency: transitive
    description:
      name: collection
      url: "https://pub.dartlang.org"
    source: hosted
    version: "1.14.11"
  convert:
    dependency: transitive
    description:
      name: convert
      url: "https://pub.dartlang.org"
    source: hosted
    version: "2.1.1"
  crypto:
    dependency: transitive
    description:
      name: crypto
      url: "https://pub.dartlang.org"
    source: hosted
    version: "2.0.6"
  path:
    dependency: transitive
    description:
      name: path
      url: "https://pub.dartlang.org"
    source: hosted
    version: "1.6.2"
  typed_data:
    dependency: "direct main"
    description:
      name: typed_data
      url: "https://pub.dartlang.org"
    source: hosted
    version: "1.1.6"
sdks:
  dart: ">=2.0.0-dev.62.0 <3.0.0"
